
Microsoft Visual Studio Solution File, Format Version 12.00
# Visual Studio 15
VisualStudioVersion = 15.0.28010.2016
MinimumVisualStudioVersion = 10.0.40219.1
Project("{FAE04EC0-301F-11D3-BF4B-00C04F79EFBC}") = "Murder", "Murder\Murder.csproj", "{B6752425-E8EC-4A15-B2D9-60B2D03CCEAE}"
EndProject
Project("{FAE04EC0-301F-11D3-BF4B-00C04F79EFBC}") = "Murder.Tests", "Murder.Tests\Murder.Tests.csproj", "{014C692A-F78A-4355-8F4D-33B27196B503}"
EndProject
Global
	GlobalSection(SolutionConfigurationPlatforms) = preSolution
		Debug|Any CPU = Debug|Any CPU
		Release|Any CPU = Release|Any CPU
	EndGlobalSection
	GlobalSection(ProjectConfigurationPlatforms) = postSolution
		{B6752425-E8EC-4A15-B2D9-60B2D03CCEAE}.Debug|Any CPU.ActiveCfg = Debug|Any CPU
		{B6752425-E8EC-4A15-B2D9-60B2D03CCEAE}.Debug|Any CPU.Build.0 = Debug|Any CPU
		{B6752425-E8EC-4A15-B2D9-60B2D03CCEAE}.Release|Any CPU.ActiveCfg = Release|Any CPU
		{B6752425-E8EC-4A15-B2D9-60B2D03CCEAE}.Release|Any CPU.Build.0 = Release|Any CPU
		{014C692A-F78A-4355-8F4D-33B27196B503}.Debug|Any CPU.ActiveCfg = Debug|Any CPU
		{014C692A-F78A-4355-8F4D-33B27196B503}.Debug|Any CPU.Build.0 = Debug|Any CPU
		{014C692A-F78A-4355-8F4D-33B27196B503}.Release|Any CPU.ActiveCfg = Release|Any CPU
		{014C692A-F78A-4355-8F4D-33B27196B503}.Release|Any CPU.Build.0 = Release|Any CPU
	EndGlobalSection
	GlobalSection(SolutionProperties) = preSolution
		HideSolutionNode = FALSE
	EndGlobalSection
	GlobalSection(ExtensibilityGlobals) = postSolution
		SolutionGuid = {ADCEA9B7-CF60-4CF1-A3A7-5A0B72331421}
	EndGlobalSection
EndGlobal
